// !$*UTF8*$!
{
	archiveVersion = 1;
	classes = {
	};
	objectVersion = 50;
	objects = {

/* Begin PBXBuildFile section */
		AC34F52721DCCB8F006BD22B /* AppDelegate.swift in Sources */ = {isa = PBXBuildFile; fileRef = AC34F52621DCCB8F006BD22B /* AppDelegate.swift */; };
		AC34F52921DCCB8F006BD22B /* MasterViewController.swift in Sources */ = {isa = PBXBuildFile; fileRef = AC34F52821DCCB8F006BD22B /* MasterViewController.swift */; };
		AC34F52B21DCCB8F006BD22B /* DetailViewController.swift in Sources */ = {isa = PBXBuildFile; fileRef = AC34F52A21DCCB8F006BD22B /* DetailViewController.swift */; };
		AC34F52E21DCCB8F006BD22B /* Main.storyboard in Resources */ = {isa = PBXBuildFile; fileRef = AC34F52C21DCCB8F006BD22B /* Main.storyboard */; };
		AC34F53021DCCB90006BD22B /* Assets.xcassets in Resources */ = {isa = PBXBuildFile; fileRef = AC34F52F21DCCB90006BD22B /* Assets.xcassets */; };
		AC34F53321DCCB90006BD22B /* LaunchScreen.storyboard in Resources */ = {isa = PBXBuildFile; fileRef = AC34F53121DCCB90006BD22B /* LaunchScreen.storyboard */; };
		AC34F53E21DCCB90006BD22B /* TestAppCenterAppTests.swift in Sources */ = {isa = PBXBuildFile; fileRef = AC34F53D21DCCB90006BD22B /* TestAppCenterAppTests.swift */; };
		AC34F54921DCCB90006BD22B /* TestAppCenterAppUITests.swift in Sources */ = {isa = PBXBuildFile; fileRef = AC34F54821DCCB90006BD22B /* TestAppCenterAppUITests.swift */; };
/* End PBXBuildFile section */

/* Begin PBXContainerItemProxy section */
		AC34F53A21DCCB90006BD22B /* PBXContainerItemProxy */ = {
			isa = PBXContainerItemProxy;
			containerPortal = AC34F51B21DCCB8F006BD22B /* Project object */;
			proxyType = 1;
			remoteGlobalIDString = AC34F52221DCCB8F006BD22B;
			remoteInfo = TestAppCenterApp;
		};
		AC34F54521DCCB90006BD22B /* PBXContainerItemProxy */ = {
			isa = PBXContainerItemProxy;
			containerPortal = AC34F51B21DCCB8F006BD22B /* Project object */;
			proxyType = 1;
			remoteGlobalIDString = AC34F52221DCCB8F006BD22B;
			remoteInfo = TestAppCenterApp;
		};
/* End PBXContainerItemProxy section */

/* Begin PBXFileReference section */
		AC34F52321DCCB8F006BD22B /* TestAppCenterApp.app */ = {isa = PBXFileReference; explicitFileType = wrapper.application; includeInIndex = 0; path = TestAppCenterApp.app; sourceTree = BUILT_PRODUCTS_DIR; };
		AC34F52621DCCB8F006BD22B /* AppDelegate.swift */ = {isa = PBXFileReference; lastKnownFileType = sourcecode.swift; path = AppDelegate.swift; sourceTree = "<group>"; };
		AC34F52821DCCB8F006BD22B /* MasterViewController.swift */ = {isa = PBXFileReference; lastKnownFileType = sourcecode.swift; path = MasterViewController.swift; sourceTree = "<group>"; };
		AC34F52A21DCCB8F006BD22B /* DetailViewController.swift */ = {isa = PBXFileReference; lastKnownFileType = sourcecode.swift; path = DetailViewController.swift; sourceTree = "<group>"; };
		AC34F52D21DCCB8F006BD22B /* Base */ = {isa = PBXFileReference; lastKnownFileType = file.storyboard; name = Base; path = Base.lproj/Main.storyboard; sourceTree = "<group>"; };
		AC34F52F21DCCB90006BD22B /* Assets.xcassets */ = {isa = PBXFileReference; lastKnownFileType = folder.assetcatalog; path = Assets.xcassets; sourceTree = "<group>"; };
		AC34F53221DCCB90006BD22B /* Base */ = {isa = PBXFileReference; lastKnownFileType = file.storyboard; name = Base; path = Base.lproj/LaunchScreen.storyboard; sourceTree = "<group>"; };
		AC34F53421DCCB90006BD22B /* Info.plist */ = {isa = PBXFileReference; lastKnownFileType = text.plist.xml; path = Info.plist; sourceTree = "<group>"; };
		AC34F53921DCCB90006BD22B /* TestAppCenterAppTests.xctest */ = {isa = PBXFileReference; explicitFileType = wrapper.cfbundle; includeInIndex = 0; path = TestAppCenterAppTests.xctest; sourceTree = BUILT_PRODUCTS_DIR; };
		AC34F53D21DCCB90006BD22B /* TestAppCenterAppTests.swift */ = {isa = PBXFileReference; lastKnownFileType = sourcecode.swift; path = TestAppCenterAppTests.swift; sourceTree = "<group>"; };
		AC34F53F21DCCB90006BD22B /* Info.plist */ = {isa = PBXFileReference; lastKnownFileType = text.plist.xml; path = Info.plist; sourceTree = "<group>"; };
		AC34F54421DCCB90006BD22B /* TestAppCenterAppUITests.xctest */ = {isa = PBXFileReference; explicitFileType = wrapper.cfbundle; includeInIndex = 0; path = TestAppCenterAppUITests.xctest; sourceTree = BUILT_PRODUCTS_DIR; };
		AC34F54821DCCB90006BD22B /* TestAppCenterAppUITests.swift */ = {isa = PBXFileReference; lastKnownFileType = sourcecode.swift; path = TestAppCenterAppUITests.swift; sourceTree = "<group>"; };
		AC34F54A21DCCB90006BD22B /* Info.plist */ = {isa = PBXFileReference; lastKnownFileType = text.plist.xml; path = Info.plist; sourceTree = "<group>"; };
/* End PBXFileReference section */

/* Begin PBXFrameworksBuildPhase section */
		AC34F52021DCCB8F006BD22B /* Frameworks */ = {
			isa = PBXFrameworksBuildPhase;
			buildActionMask = 2147483647;
			files = (
			);
			runOnlyForDeploymentPostprocessing = 0;
		};
		AC34F53621DCCB90006BD22B /* Frameworks */ = {
			isa = PBXFrameworksBuildPhase;
			buildActionMask = 2147483647;
			files = (
			);
			runOnlyForDeploymentPostprocessing = 0;
		};
		AC34F54121DCCB90006BD22B /* Frameworks */ = {
			isa = PBXFrameworksBuildPhase;
			buildActionMask = 2147483647;
			files = (
			);
			runOnlyForDeploymentPostprocessing = 0;
		};
/* End PBXFrameworksBuildPhase section */

/* Begin PBXGroup section */
		AC34F51A21DCCB8F006BD22B = {
			isa = PBXGroup;
			children = (
				AC34F52521DCCB8F006BD22B /* TestAppCenterApp */,
				AC34F53C21DCCB90006BD22B /* TestAppCenterAppTests */,
				AC34F54721DCCB90006BD22B /* TestAppCenterAppUITests */,
				AC34F52421DCCB8F006BD22B /* Products */,
			);
			sourceTree = "<group>";
		};
		AC34F52421DCCB8F006BD22B /* Products */ = {
			isa = PBXGroup;
			children = (
				AC34F52321DCCB8F006BD22B /* TestAppCenterApp.app */,
				AC34F53921DCCB90006BD22B /* TestAppCenterAppTests.xctest */,
				AC34F54421DCCB90006BD22B /* TestAppCenterAppUITests.xctest */,
			);
			name = Products;
			sourceTree = "<group>";
		};
		AC34F52521DCCB8F006BD22B /* TestAppCenterApp */ = {
			isa = PBXGroup;
			children = (
				AC34F52621DCCB8F006BD22B /* AppDelegate.swift */,
				AC34F52821DCCB8F006BD22B /* MasterViewController.swift */,
				AC34F52A21DCCB8F006BD22B /* DetailViewController.swift */,
				AC34F52C21DCCB8F006BD22B /* Main.storyboard */,
				AC34F52F21DCCB90006BD22B /* Assets.xcassets */,
				AC34F53121DCCB90006BD22B /* LaunchScreen.storyboard */,
				AC34F53421DCCB90006BD22B /* Info.plist */,
			);
			path = TestAppCenterApp;
			sourceTree = "<group>";
		};
		AC34F53C21DCCB90006BD22B /* TestAppCenterAppTests */ = {
			isa = PBXGroup;
			children = (
				AC34F53D21DCCB90006BD22B /* TestAppCenterAppTests.swift */,
				AC34F53F21DCCB90006BD22B /* Info.plist */,
			);
			path = TestAppCenterAppTests;
			sourceTree = "<group>";
		};
		AC34F54721DCCB90006BD22B /* TestAppCenterAppUITests */ = {
			isa = PBXGroup;
			children = (
				AC34F54821DCCB90006BD22B /* TestAppCenterAppUITests.swift */,
				AC34F54A21DCCB90006BD22B /* Info.plist */,
			);
			path = TestAppCenterAppUITests;
			sourceTree = "<group>";
		};
/* End PBXGroup section */

/* Begin PBXNativeTarget section */
		AC34F52221DCCB8F006BD22B /* TestAppCenterApp */ = {
			isa = PBXNativeTarget;
			buildConfigurationList = AC34F54D21DCCB90006BD22B /* Build configuration list for PBXNativeTarget "TestAppCenterApp" */;
			buildPhases = (
				AC34F51F21DCCB8F006BD22B /* Sources */,
				AC34F52021DCCB8F006BD22B /* Frameworks */,
				AC34F52121DCCB8F006BD22B /* Resources */,
			);
			buildRules = (
			);
			dependencies = (
			);
			name = TestAppCenterApp;
			productName = TestAppCenterApp;
			productReference = AC34F52321DCCB8F006BD22B /* TestAppCenterApp.app */;
			productType = "com.apple.product-type.application";
		};
		AC34F53821DCCB90006BD22B /* TestAppCenterAppTests */ = {
			isa = PBXNativeTarget;
			buildConfigurationList = AC34F55021DCCB90006BD22B /* Build configuration list for PBXNativeTarget "TestAppCenterAppTests" */;
			buildPhases = (
				AC34F53521DCCB90006BD22B /* Sources */,
				AC34F53621DCCB90006BD22B /* Frameworks */,
				AC34F53721DCCB90006BD22B /* Resources */,
			);
			buildRules = (
			);
			dependencies = (
				AC34F53B21DCCB90006BD22B /* PBXTargetDependency */,
			);
			name = TestAppCenterAppTests;
			productName = TestAppCenterAppTests;
			productReference = AC34F53921DCCB90006BD22B /* TestAppCenterAppTests.xctest */;
			productType = "com.apple.product-type.bundle.unit-test";
		};
		AC34F54321DCCB90006BD22B /* TestAppCenterAppUITests */ = {
			isa = PBXNativeTarget;
			buildConfigurationList = AC34F55321DCCB90006BD22B /* Build configuration list for PBXNativeTarget "TestAppCenterAppUITests" */;
			buildPhases = (
				AC34F54021DCCB90006BD22B /* Sources */,
				AC34F54121DCCB90006BD22B /* Frameworks */,
				AC34F54221DCCB90006BD22B /* Resources */,
			);
			buildRules = (
			);
			dependencies = (
				AC34F54621DCCB90006BD22B /* PBXTargetDependency */,
			);
			name = TestAppCenterAppUITests;
			productName = TestAppCenterAppUITests;
			productReference = AC34F54421DCCB90006BD22B /* TestAppCenterAppUITests.xctest */;
			productType = "com.apple.product-type.bundle.ui-testing";
		};
/* End PBXNativeTarget section */

/* Begin PBXProject section */
		AC34F51B21DCCB8F006BD22B /* Project object */ = {
			isa = PBXProject;
			attributes = {
				LastSwiftUpdateCheck = 1010;
				LastUpgradeCheck = 1010;
				ORGANIZATIONNAME = Otis;
				TargetAttributes = {
					AC34F52221DCCB8F006BD22B = {
						CreatedOnToolsVersion = 10.1;
					};
					AC34F53821DCCB90006BD22B = {
						CreatedOnToolsVersion = 10.1;
						TestTargetID = AC34F52221DCCB8F006BD22B;
					};
					AC34F54321DCCB90006BD22B = {
						CreatedOnToolsVersion = 10.1;
						TestTargetID = AC34F52221DCCB8F006BD22B;
					};
				};
			};
			buildConfigurationList = AC34F51E21DCCB8F006BD22B /* Build configuration list for PBXProject "TestAppCenterApp" */;
			compatibilityVersion = "Xcode 9.3";
			developmentRegion = en;
			hasScannedForEncodings = 0;
			knownRegions = (
				en,
				Base,
			);
			mainGroup = AC34F51A21DCCB8F006BD22B;
			productRefGroup = AC34F52421DCCB8F006BD22B /* Products */;
			projectDirPath = "";
			projectRoot = "";
			targets = (
				AC34F52221DCCB8F006BD22B /* TestAppCenterApp */,
				AC34F53821DCCB90006BD22B /* TestAppCenterAppTests */,
				AC34F54321DCCB90006BD22B /* TestAppCenterAppUITests */,
			);
		};
/* End PBXProject section */

/* Begin PBXResourcesBuildPhase section */
		AC34F52121DCCB8F006BD22B /* Resources */ = {
			isa = PBXResourcesBuildPhase;
			buildActionMask = 2147483647;
			files = (
				AC34F53321DCCB90006BD22B /* LaunchScreen.storyboard in Resources */,
				AC34F53021DCCB90006BD22B /* Assets.xcassets in Resources */,
				AC34F52E21DCCB8F006BD22B /* Main.storyboard in Resources */,
			);
			runOnlyForDeploymentPostprocessing = 0;
		};
		AC34F53721DCCB90006BD22B /* Resources */ = {
			isa = PBXResourcesBuildPhase;
			buildActionMask = 2147483647;
			files = (
			);
			runOnlyForDeploymentPostprocessing = 0;
		};
		AC34F54221DCCB90006BD22B /* Resources */ = {
			isa = PBXResourcesBuildPhase;
			buildActionMask = 2147483647;
			files = (
			);
			runOnlyForDeploymentPostprocessing = 0;
		};
/* End PBXResourcesBuildPhase section */

/* Begin PBXSourcesBuildPhase section */
		AC34F51F21DCCB8F006BD22B /* Sources */ = {
			isa = PBXSourcesBuildPhase;
			buildActionMask = 2147483647;
			files = (
				AC34F52B21DCCB8F006BD22B /* DetailViewController.swift in Sources */,
				AC34F52921DCCB8F006BD22B /* MasterViewController.swift in Sources */,
				AC34F52721DCCB8F006BD22B /* AppDelegate.swift in Sources */,
			);
			runOnlyForDeploymentPostprocessing = 0;
		};
		AC34F53521DCCB90006BD22B /* Sources */ = {
			isa = PBXSourcesBuildPhase;
			buildActionMask = 2147483647;
			files = (
				AC34F53E21DCCB90006BD22B /* TestAppCenterAppTests.swift in Sources */,
			);
			runOnlyForDeploymentPostprocessing = 0;
		};
		AC34F54021DCCB90006BD22B /* Sources */ = {
			isa = PBXSourcesBuildPhase;
			buildActionMask = 2147483647;
			files = (
				AC34F54921DCCB90006BD22B /* TestAppCenterAppUITests.swift in Sources */,
			);
			runOnlyForDeploymentPostprocessing = 0;
		};
/* End PBXSourcesBuildPhase section */

/* Begin PBXTargetDependency section */
		AC34F53B21DCCB90006BD22B /* PBXTargetDependency */ = {
			isa = PBXTargetDependency;
			target = AC34F52221DCCB8F006BD22B /* TestAppCenterApp */;
			targetProxy = AC34F53A21DCCB90006BD22B /* PBXContainerItemProxy */;
		};
		AC34F54621DCCB90006BD22B /* PBXTargetDependency */ = {
			isa = PBXTargetDependency;
			target = AC34F52221DCCB8F006BD22B /* TestAppCenterApp */;
			targetProxy = AC34F54521DCCB90006BD22B /* PBXContainerItemProxy */;
		};
/* End PBXTargetDependency section */

/* Begin PBXVariantGroup section */
		AC34F52C21DCCB8F006BD22B /* Main.storyboard */ = {
			isa = PBXVariantGroup;
			children = (
				AC34F52D21DCCB8F006BD22B /* Base */,
			);
			name = Main.storyboard;
			sourceTree = "<group>";
		};
		AC34F53121DCCB90006BD22B /* LaunchScreen.storyboard */ = {
			isa = PBXVariantGroup;
			children = (
				AC34F53221DCCB90006BD22B /* Base */,
			);
			name = LaunchScreen.storyboard;
			sourceTree = "<group>";
		};
/* End PBXVariantGroup section */

/* Begin XCBuildConfiguration section */
		AC34F54B21DCCB90006BD22B /* Debug */ = {
			isa = XCBuildConfiguration;
			buildSettings = {
				ALWAYS_SEARCH_USER_PATHS = NO;
				CLANG_ANALYZER_NONNULL = YES;
				CLANG_ANALYZER_NUMBER_OBJECT_CONVERSION = YES_AGGRESSIVE;
				CLANG_CXX_LANGUAGE_STANDARD = "gnu++14";
				CLANG_CXX_LIBRARY = "libc++";
				CLANG_ENABLE_MODULES = YES;
				CLANG_ENABLE_OBJC_ARC = YES;
				CLANG_ENABLE_OBJC_WEAK = YES;
				CLANG_WARN_BLOCK_CAPTURE_AUTORELEASING = YES;
				CLANG_WARN_BOOL_CONVERSION = YES;
				CLANG_WARN_COMMA = YES;
				CLANG_WARN_CONSTANT_CONVERSION = YES;
				CLANG_WARN_DEPRECATED_OBJC_IMPLEMENTATIONS = YES;
				CLANG_WARN_DIRECT_OBJC_ISA_USAGE = YES_ERROR;
				CLANG_WARN_DOCUMENTATION_COMMENTS = YES;
				CLANG_WARN_EMPTY_BODY = YES;
				CLANG_WARN_ENUM_CONVERSION = YES;
				CLANG_WARN_INFINITE_RECURSION = YES;
				CLANG_WARN_INT_CONVERSION = YES;
				CLANG_WARN_NON_LITERAL_NULL_CONVERSION = YES;
				CLANG_WARN_OBJC_IMPLICIT_RETAIN_SELF = YES;
				CLANG_WARN_OBJC_LITERAL_CONVERSION = YES;
				CLANG_WARN_OBJC_ROOT_CLASS = YES_ERROR;
				CLANG_WARN_RANGE_LOOP_ANALYSIS = YES;
				CLANG_WARN_STRICT_PROTOTYPES = YES;
				CLANG_WARN_SUSPICIOUS_MOVE = YES;
				CLANG_WARN_UNGUARDED_AVAILABILITY = YES_AGGRESSIVE;
				CLANG_WARN_UNREACHABLE_CODE = YES;
				CLANG_WARN__DUPLICATE_METHOD_MATCH = YES;
				CODE_SIGN_IDENTITY = "iPhone Developer";
				COPY_PHASE_STRIP = NO;
				DEBUG_INFORMATION_FORMAT = dwarf;
				ENABLE_STRICT_OBJC_MSGSEND = YES;
				ENABLE_TESTABILITY = YES;
				GCC_C_LANGUAGE_STANDARD = gnu11;
				GCC_DYNAMIC_NO_PIC = NO;
				GCC_NO_COMMON_BLOCKS = YES;
				GCC_OPTIMIZATION_LEVEL = 0;
				GCC_PREPROCESSOR_DEFINITIONS = (
					"DEBUG=1",
					"$(inherited)",
				);
				GCC_WARN_64_TO_32_BIT_CONVERSION = YES;
				GCC_WARN_ABOUT_RETURN_TYPE = YES_ERROR;
				GCC_WARN_UNDECLARED_SELECTOR = YES;
				GCC_WARN_UNINITIALIZED_AUTOS = YES_AGGRESSIVE;
				GCC_WARN_UNUSED_FUNCTION = YES;
				GCC_WARN_UNUSED_VARIABLE = YES;
				IPHONEOS_DEPLOYMENT_TARGET = 12.1;
				MTL_ENABLE_DEBUG_INFO = INCLUDE_SOURCE;
				MTL_FAST_MATH = YES;
				ONLY_ACTIVE_ARCH = YES;
				SDKROOT = iphoneos;
				SWIFT_ACTIVE_COMPILATION_CONDITIONS = DEBUG;
				SWIFT_OPTIMIZATION_LEVEL = "-Onone";
			};
			name = Debug;
		};
		AC34F54C21DCCB90006BD22B /* Release */ = {
			isa = XCBuildConfiguration;
			buildSettings = {
				ALWAYS_SEARCH_USER_PATHS = NO;
				CLANG_ANALYZER_NONNULL = YES;
				CLANG_ANALYZER_NUMBER_OBJECT_CONVERSION = YES_AGGRESSIVE;
				CLANG_CXX_LANGUAGE_STANDARD = "gnu++14";
				CLANG_CXX_LIBRARY = "libc++";
				CLANG_ENABLE_MODULES = YES;
				CLANG_ENABLE_OBJC_ARC = YES;
				CLANG_ENABLE_OBJC_WEAK = YES;
				CLANG_WARN_BLOCK_CAPTURE_AUTORELEASING = YES;
				CLANG_WARN_BOOL_CONVERSION = YES;
				CLANG_WARN_COMMA = YES;
				CLANG_WARN_CONSTANT_CONVERSION = YES;
				CLANG_WARN_DEPRECATED_OBJC_IMPLEMENTATIONS = YES;
				CLANG_WARN_DIRECT_OBJC_ISA_USAGE = YES_ERROR;
				CLANG_WARN_DOCUMENTATION_COMMENTS = YES;
				CLANG_WARN_EMPTY_BODY = YES;
				CLANG_WARN_ENUM_CONVERSION = YES;
				CLANG_WARN_INFINITE_RECURSION = YES;
				CLANG_WARN_INT_CONVERSION = YES;
				CLANG_WARN_NON_LITERAL_NULL_CONVERSION = YES;
				CLANG_WARN_OBJC_IMPLICIT_RETAIN_SELF = YES;
				CLANG_WARN_OBJC_LITERAL_CONVERSION = YES;
				CLANG_WARN_OBJC_ROOT_CLASS = YES_ERROR;
				CLANG_WARN_RANGE_LOOP_ANALYSIS = YES;
				CLANG_WARN_STRICT_PROTOTYPES = YES;
				CLANG_WARN_SUSPICIOUS_MOVE = YES;
				CLANG_WARN_UNGUARDED_AVAILABILITY = YES_AGGRESSIVE;
				CLANG_WARN_UNREACHABLE_CODE = YES;
				CLANG_WARN__DUPLICATE_METHOD_MATCH = YES;
				CODE_SIGN_IDENTITY = "iPhone Developer";
				COPY_PHASE_STRIP = NO;
				DEBUG_INFORMATION_FORMAT = "dwarf-with-dsym";
				ENABLE_NS_ASSERTIONS = NO;
				ENABLE_STRICT_OBJC_MSGSEND = YES;
				GCC_C_LANGUAGE_STANDARD = gnu11;
				GCC_NO_COMMON_BLOCKS = YES;
				GCC_WARN_64_TO_32_BIT_CONVERSION = YES;
				GCC_WARN_ABOUT_RETURN_TYPE = YES_ERROR;
				GCC_WARN_UNDECLARED_SELECTOR = YES;
				GCC_WARN_UNINITIALIZED_AUTOS = YES_AGGRESSIVE;
				GCC_WARN_UNUSED_FUNCTION = YES;
				GCC_WARN_UNUSED_VARIABLE = YES;
				IPHONEOS_DEPLOYMENT_TARGET = 12.1;
				MTL_ENABLE_DEBUG_INFO = NO;
				MTL_FAST_MATH = YES;
				SDKROOT = iphoneos;
				SWIFT_COMPILATION_MODE = wholemodule;
				SWIFT_OPTIMIZATION_LEVEL = "-O";
				VALIDATE_PRODUCT = YES;
			};
			name = Release;
		};
		AC34F54E21DCCB90006BD22B /* Debug */ = {
			isa = XCBuildConfiguration;
			buildSettings = {
				ASSETCATALOG_COMPILER_APPICON_NAME = AppIcon;
				CODE_SIGN_STYLE = Automatic;
				DEVELOPMENT_TEAM = XGZYVQ6U6J;
				INFOPLIST_FILE = TestAppCenterApp/Info.plist;
				LD_RUNPATH_SEARCH_PATHS = (
					"$(inherited)",
					"@executable_path/Frameworks",
				);
				PRODUCT_BUNDLE_IDENTIFIER = com.otis..TestAppCenterApp;
				PRODUCT_NAME = "$(TARGET_NAME)";
				SWIFT_VERSION = 4.2;
				TARGETED_DEVICE_FAMILY = "1,2";
			};
			name = Debug;
		};
		AC34F54F21DCCB90006BD22B /* Release */ = {
			isa = XCBuildConfiguration;
			buildSettings = {
				ASSETCATALOG_COMPILER_APPICON_NAME = AppIcon;
				CODE_SIGN_STYLE = Automatic;
				DEVELOPMENT_TEAM = XGZYVQ6U6J;
				INFOPLIST_FILE = TestAppCenterApp/Info.plist;
				LD_RUNPATH_SEARCH_PATHS = (
					"$(inherited)",
					"@executable_path/Frameworks",
				);
				PRODUCT_BUNDLE_IDENTIFIER = com.otis..TestAppCenterApp;
				PRODUCT_NAME = "$(TARGET_NAME)";
				SWIFT_VERSION = 4.2;
				TARGETED_DEVICE_FAMILY = "1,2";
			};
			name = Release;
		};
		AC34F55121DCCB90006BD22B /* Debug */ = {
			isa = XCBuildConfiguration;
			buildSettings = {
				ALWAYS_EMBED_SWIFT_STANDARD_LIBRARIES = YES;
				BUNDLE_LOADER = "$(TEST_HOST)";
				CODE_SIGN_STYLE = Automatic;
				DEVELOPMENT_TEAM = XGZYVQ6U6J;
				INFOPLIST_FILE = TestAppCenterAppTests/Info.plist;
				LD_RUNPATH_SEARCH_PATHS = (
					"$(inherited)",
					"@executable_path/Frameworks",
					"@loader_path/Frameworks",
				);
				PRODUCT_BUNDLE_IDENTIFIER = com.otis..TestAppCenterAppTests;
				PRODUCT_NAME = "$(TARGET_NAME)";
				SWIFT_VERSION = 4.2;
				TARGETED_DEVICE_FAMILY = "1,2";
				TEST_HOST = "$(BUILT_PRODUCTS_DIR)/TestAppCenterApp.app/TestAppCenterApp";
			};
			name = Debug;
		};
		AC34F55221DCCB90006BD22B /* Release */ = {
			isa = XCBuildConfiguration;
			buildSettings = {
				ALWAYS_EMBED_SWIFT_STANDARD_LIBRARIES = YES;
				BUNDLE_LOADER = "$(TEST_HOST)";
				CODE_SIGN_STYLE = Automatic;
				DEVELOPMENT_TEAM = XGZYVQ6U6J;
				INFOPLIST_FILE = TestAppCenterAppTests/Info.plist;
				LD_RUNPATH_SEARCH_PATHS = (
					"$(inherited)",
					"@executable_path/Frameworks",
					"@loader_path/Frameworks",
				);
				PRODUCT_BUNDLE_IDENTIFIER = com.otis..TestAppCenterAppTests;
				PRODUCT_NAME = "$(TARGET_NAME)";
				SWIFT_VERSION = 4.2;
				TARGETED_DEVICE_FAMILY = "1,2";
				TEST_HOST = "$(BUILT_PRODUCTS_DIR)/TestAppCenterApp.app/TestAppCenterApp";
			};
			name = Release;
		};
		AC34F55421DCCB90006BD22B /* Debug */ = {
			isa = XCBuildConfiguration;
			buildSettings = {
				ALWAYS_EMBED_SWIFT_STANDARD_LIBRARIES = YES;
				CODE_SIGN_STYLE = Automatic;
				DEVELOPMENT_TEAM = XGZYVQ6U6J;
				INFOPLIST_FILE = TestAppCenterAppUITests/Info.plist;
				LD_RUNPATH_SEARCH_PATHS = (
					"$(inherited)",
					"@executable_path/Frameworks",
					"@loader_path/Frameworks",
				);
				PRODUCT_BUNDLE_IDENTIFIER = com.otis..TestAppCenterAppUITests;
				PRODUCT_NAME = "$(TARGET_NAME)";
				SWIFT_VERSION = 4.2;
				TARGETED_DEVICE_FAMILY = "1,2";
				TEST_TARGET_NAME = TestAppCenterApp;
			};
			name = Debug;
		};
		AC34F55521DCCB90006BD22B /* Release */ = {
			isa = XCBuildConfiguration;
			buildSettings = {
				ALWAYS_EMBED_SWIFT_STANDARD_LIBRARIES = YES;
				CODE_SIGN_STYLE = Automatic;
				DEVELOPMENT_TEAM = XGZYVQ6U6J;
				INFOPLIST_FILE = TestAppCenterAppUITests/Info.plist;
				LD_RUNPATH_SEARCH_PATHS = (
					"$(inherited)",
					"@executable_path/Frameworks",
					"@loader_path/Frameworks",
				);
				PRODUCT_BUNDLE_IDENTIFIER = com.otis..TestAppCenterAppUITests;
				PRODUCT_NAME = "$(TARGET_NAME)";
				SWIFT_VERSION = 4.2;
				TARGETED_DEVICE_FAMILY = "1,2";
				TEST_TARGET_NAME = TestAppCenterApp;
			};
			name = Release;
		};
/* End XCBuildConfiguration section */

/* Begin XCConfigurationList section */
		AC34F51E21DCCB8F006BD22B /* Build configuration list for PBXProject "TestAppCenterApp" */ = {
			isa = XCConfigurationList;
			buildConfigurations = (
				AC34F54B21DCCB90006BD22B /* Debug */,
				AC34F54C21DCCB90006BD22B /* Release */,
			);
			defaultConfigurationIsVisible = 0;
			defaultConfigurationName = Release;
		};
		AC34F54D21DCCB90006BD22B /* Build configuration list for PBXNativeTarget "TestAppCenterApp" */ = {
			isa = XCConfigurationList;
			buildConfigurations = (
				AC34F54E21DCCB90006BD22B /* Debug */,
				AC34F54F21DCCB90006BD22B /* Release */,
			);
			defaultConfigurationIsVisible = 0;
			defaultConfigurationName = Release;
		};
		AC34F55021DCCB90006BD22B /* Build configuration list for PBXNativeTarget "TestAppCenterAppTests" */ = {
			isa = XCConfigurationList;
			buildConfigurations = (
				AC34F55121DCCB90006BD22B /* Debug */,
				AC34F55221DCCB90006BD22B /* Release */,
			);
			defaultConfigurationIsVisible = 0;
			defaultConfigurationName = Release;
		};
		AC34F55321DCCB90006BD22B /* Build configuration list for PBXNativeTarget "TestAppCenterAppUITests" */ = {
			isa = XCConfigurationList;
			buildConfigurations = (
				AC34F55421DCCB90006BD22B /* Debug */,
				AC34F55521DCCB90006BD22B /* Release */,
			);
			defaultConfigurationIsVisible = 0;
			defaultConfigurationName = Release;
		};
/* End XCConfigurationList section */
	};
	rootObject = AC34F51B21DCCB8F006BD22B /* Project object */;
}
